
Microsoft Visual Studio Solution File, Format Version 12.00
# Visual Studio Version 17
VisualStudioVersion = 17.8.34330.188
MinimumVisualStudioVersion = 10.0.40219.1
Project("{FAE04EC0-301F-11D3-BF4B-00C04F79EFBC}") = "spatel669_PRG455_LP", "spatel669_PRG455_LP\spatel669_PRG455_LP.csproj", "{A3C3E8F4-B00D-41AD-BF1E-3513B3751AFA}"
EndProject
Global
	GlobalSection(SolutionConfigurationPlatforms) = preSolution
		Debug|Any CPU = Debug|Any CPU
		Release|Any CPU = Release|Any CPU
	EndGlobalSection
	GlobalSection(ProjectConfigurationPlatforms) = postSolution
		{A3C3E8F4-B00D-41AD-BF1E-3513B3751AFA}.Debug|Any CPU.ActiveCfg = Debug|Any CPU
		{A3C3E8F4-B00D-41AD-BF1E-3513B3751AFA}.Debug|Any CPU.Build.0 = Debug|Any CPU
		{A3C3E8F4-B00D-41AD-BF1E-3513B3751AFA}.Release|Any CPU.ActiveCfg = Release|Any CPU
		{A3C3E8F4-B00D-41AD-BF1E-3513B3751AFA}.Release|Any CPU.Build.0 = Release|Any CPU
	EndGlobalSection
	GlobalSection(SolutionProperties) = preSolution
		HideSolutionNode = FALSE
	EndGlobalSection
	GlobalSection(ExtensibilityGlobals) = postSolution
		SolutionGuid = {8FEA08C5-BF7F-4CBE-87A9-32707E3386A7}
	EndGlobalSection
EndGlobal
